
Microsoft Visual Studio Solution File, Format Version 12.00
# Visual Studio Version 17
VisualStudioVersion = 17.8.34309.116
MinimumVisualStudioVersion = 10.0.40219.1
Project("{FAE04EC0-301F-11D3-BF4B-00C04F79EFBC}") = "dotNET-P002", "dotNET-P002\dotNET-P002.csproj", "{FD36E836-8474-4374-8FBD-AE33A1041688}"
EndProject
Global
	GlobalSection(SolutionConfigurationPlatforms) = preSolution
		Debug|Any CPU = Debug|Any CPU
		Release|Any CPU = Release|Any CPU
	EndGlobalSection
	GlobalSection(ProjectConfigurationPlatforms) = postSolution
		{FD36E836-8474-4374-8FBD-AE33A1041688}.Debug|Any CPU.ActiveCfg = Debug|Any CPU
		{FD36E836-8474-4374-8FBD-AE33A1041688}.Debug|Any CPU.Build.0 = Debug|Any CPU
		{FD36E836-8474-4374-8FBD-AE33A1041688}.Release|Any CPU.ActiveCfg = Release|Any CPU
		{FD36E836-8474-4374-8FBD-AE33A1041688}.Release|Any CPU.Build.0 = Release|Any CPU
	EndGlobalSection
	GlobalSection(SolutionProperties) = preSolution
		HideSolutionNode = FALSE
	EndGlobalSection
	GlobalSection(ExtensibilityGlobals) = postSolution
		SolutionGuid = {C3FF4E45-ADE0-4651-B729-F6F3C8064735}
	EndGlobalSection
EndGlobal
