
Microsoft Visual Studio Solution File, Format Version 12.00
# Visual Studio Version 17
VisualStudioVersion = 17.5.002.0
MinimumVisualStudioVersion = 10.0.40219.1
Project("{2150E333-8FDC-42A3-9474-1A3956D46DE8}") = "Semana3", "Semana3", "{F0FF1F31-E26D-4939-B9CF-7021AAC6B676}"
EndProject
Project("{9A19103F-16F7-4668-BE54-9A1E7A4F7556}") = "ExemplosAula", "Semana3\ExemplosAula\ExemplosAula.csproj", "{83D4C74A-CDE5-4F4F-9FB4-6F58D2E191F2}"
EndProject
Project("{2150E333-8FDC-42A3-9474-1A3956D46DE8}") = "Semana2", "Semana2", "{3D85A0F5-2B4B-4786-B12B-A2B58FA4AEC2}"
EndProject
Project("{FAE04EC0-301F-11D3-BF4B-00C04F79EFBC}") = "PI002", "Semana2\PI002\PI002.csproj", "{8D48D5A0-247E-4690-8CA0-331AF34702F4}"
EndProject
Project("{FAE04EC0-301F-11D3-BF4B-00C04F79EFBC}") = "Exercicio1", "Semana3\Exercicio1\Exercicio1.csproj", "{B939A2B7-CF3F-4278-9FF2-1F2BA7405652}"
EndProject
Project("{2150E333-8FDC-42A3-9474-1A3956D46DE8}") = "Semana4", "Semana4", "{C1BF5AF7-C918-4044-9E1A-92B815E7B638}"
EndProject
Project("{FAE04EC0-301F-11D3-BF4B-00C04F79EFBC}") = "Exercicio1", "Semana4\Exercicio1\Exercicio1.csproj", "{F6A55E69-7FA4-494A-B1C4-B9CA97AE4F8D}"
EndProject
Project("{FAE04EC0-301F-11D3-BF4B-00C04F79EFBC}") = "Exercicio2", "Semana4\Exercicio2\Exercicio2.csproj", "{5FB68565-2F8A-4924-8270-D2253DFCF188}"
EndProject
Project("{FAE04EC0-301F-11D3-BF4B-00C04F79EFBC}") = "Exercicio4", "Semana4\Exercicio4\Exercicio4.csproj", "{198C720A-5ECB-4D56-A6A7-06A98E22B80B}"
EndProject
Project("{2150E333-8FDC-42A3-9474-1A3956D46DE8}") = "Avaliacao1", "Avaliacao1", "{667A7E78-E265-46B3-992C-D133CEC27249}"
EndProject
Project("{FAE04EC0-301F-11D3-BF4B-00C04F79EFBC}") = "Gerenciamento", "Avaliacao1\Gerenciamento\Gerenciamento.csproj", "{CF356805-E7C7-4C2C-99E6-9A186A0BBA5D}"
EndProject
Global
	GlobalSection(SolutionConfigurationPlatforms) = preSolution
		Debug|Any CPU = Debug|Any CPU
		Release|Any CPU = Release|Any CPU
	EndGlobalSection
	GlobalSection(ProjectConfigurationPlatforms) = postSolution
		{83D4C74A-CDE5-4F4F-9FB4-6F58D2E191F2}.Debug|Any CPU.ActiveCfg = Debug|Any CPU
		{83D4C74A-CDE5-4F4F-9FB4-6F58D2E191F2}.Debug|Any CPU.Build.0 = Debug|Any CPU
		{83D4C74A-CDE5-4F4F-9FB4-6F58D2E191F2}.Release|Any CPU.ActiveCfg = Release|Any CPU
		{83D4C74A-CDE5-4F4F-9FB4-6F58D2E191F2}.Release|Any CPU.Build.0 = Release|Any CPU
		{8D48D5A0-247E-4690-8CA0-331AF34702F4}.Debug|Any CPU.ActiveCfg = Debug|Any CPU
		{8D48D5A0-247E-4690-8CA0-331AF34702F4}.Debug|Any CPU.Build.0 = Debug|Any CPU
		{8D48D5A0-247E-4690-8CA0-331AF34702F4}.Release|Any CPU.ActiveCfg = Release|Any CPU
		{8D48D5A0-247E-4690-8CA0-331AF34702F4}.Release|Any CPU.Build.0 = Release|Any CPU
		{B939A2B7-CF3F-4278-9FF2-1F2BA7405652}.Debug|Any CPU.ActiveCfg = Debug|Any CPU
		{B939A2B7-CF3F-4278-9FF2-1F2BA7405652}.Debug|Any CPU.Build.0 = Debug|Any CPU
		{B939A2B7-CF3F-4278-9FF2-1F2BA7405652}.Release|Any CPU.ActiveCfg = Release|Any CPU
		{B939A2B7-CF3F-4278-9FF2-1F2BA7405652}.Release|Any CPU.Build.0 = Release|Any CPU
		{F6A55E69-7FA4-494A-B1C4-B9CA97AE4F8D}.Debug|Any CPU.ActiveCfg = Debug|Any CPU
		{F6A55E69-7FA4-494A-B1C4-B9CA97AE4F8D}.Debug|Any CPU.Build.0 = Debug|Any CPU
		{F6A55E69-7FA4-494A-B1C4-B9CA97AE4F8D}.Release|Any CPU.ActiveCfg = Release|Any CPU
		{F6A55E69-7FA4-494A-B1C4-B9CA97AE4F8D}.Release|Any CPU.Build.0 = Release|Any CPU
		{5FB68565-2F8A-4924-8270-D2253DFCF188}.Debug|Any CPU.ActiveCfg = Debug|Any CPU
		{5FB68565-2F8A-4924-8270-D2253DFCF188}.Debug|Any CPU.Build.0 = Debug|Any CPU
		{5FB68565-2F8A-4924-8270-D2253DFCF188}.Release|Any CPU.ActiveCfg = Release|Any CPU
		{5FB68565-2F8A-4924-8270-D2253DFCF188}.Release|Any CPU.Build.0 = Release|Any CPU
		{198C720A-5ECB-4D56-A6A7-06A98E22B80B}.Debug|Any CPU.ActiveCfg = Debug|Any CPU
		{198C720A-5ECB-4D56-A6A7-06A98E22B80B}.Debug|Any CPU.Build.0 = Debug|Any CPU
		{198C720A-5ECB-4D56-A6A7-06A98E22B80B}.Release|Any CPU.ActiveCfg = Release|Any CPU
		{198C720A-5ECB-4D56-A6A7-06A98E22B80B}.Release|Any CPU.Build.0 = Release|Any CPU
		{CF356805-E7C7-4C2C-99E6-9A186A0BBA5D}.Debug|Any CPU.ActiveCfg = Debug|Any CPU
		{CF356805-E7C7-4C2C-99E6-9A186A0BBA5D}.Debug|Any CPU.Build.0 = Debug|Any CPU
		{CF356805-E7C7-4C2C-99E6-9A186A0BBA5D}.Release|Any CPU.ActiveCfg = Release|Any CPU
		{CF356805-E7C7-4C2C-99E6-9A186A0BBA5D}.Release|Any CPU.Build.0 = Release|Any CPU
	EndGlobalSection
	GlobalSection(SolutionProperties) = preSolution
		HideSolutionNode = FALSE
	EndGlobalSection
	GlobalSection(NestedProjects) = preSolution
		{83D4C74A-CDE5-4F4F-9FB4-6F58D2E191F2} = {F0FF1F31-E26D-4939-B9CF-7021AAC6B676}
		{8D48D5A0-247E-4690-8CA0-331AF34702F4} = {3D85A0F5-2B4B-4786-B12B-A2B58FA4AEC2}
		{B939A2B7-CF3F-4278-9FF2-1F2BA7405652} = {F0FF1F31-E26D-4939-B9CF-7021AAC6B676}
		{F6A55E69-7FA4-494A-B1C4-B9CA97AE4F8D} = {C1BF5AF7-C918-4044-9E1A-92B815E7B638}
		{5FB68565-2F8A-4924-8270-D2253DFCF188} = {C1BF5AF7-C918-4044-9E1A-92B815E7B638}
		{198C720A-5ECB-4D56-A6A7-06A98E22B80B} = {C1BF5AF7-C918-4044-9E1A-92B815E7B638}
		{CF356805-E7C7-4C2C-99E6-9A186A0BBA5D} = {667A7E78-E265-46B3-992C-D133CEC27249}
	EndGlobalSection
	GlobalSection(ExtensibilityGlobals) = postSolution
		SolutionGuid = {413DF1E3-7A0B-4061-BACA-40A24F406DAB}
	EndGlobalSection
EndGlobal
